{
  "name": "@aliyunfc-layers/napi-rs-canvas",
  "lockfileVersion": 3,
  "requires": true,
  "packages": {
    "": {
      "name": "@aliyunfc-layers/napi-rs-canvas",
      "dependencies": {
        "@napi-rs/canvas": "^0.1.72"
      }
    },
    "node_modules/@napi-rs/canvas": {
      "version": "0.1.72",
      "resolved": "https://registry.npmjs.org/@napi-rs/canvas/-/canvas-0.1.72.tgz",
      "integrity": "sha512-ypTJ/DXzsJbTU3o7qXFlWmZGgEbh42JWQl7v5/i+DJz/HURELcSnq9ler9e1ukqma70JzmCQcIseiE/Xs6sczw==",
      "license": "MIT",
      "workspaces": [
        "e2e/*"
      ],
      "engines": {
        "node": ">= 10"
      },
      "optionalDependencies": {
        "@napi-rs/canvas-android-arm64": "0.1.72",
        "@napi-rs/canvas-darwin-arm64": "0.1.72",
        "@napi-rs/canvas-darwin-x64": "0.1.72",
        "@napi-rs/canvas-linux-arm-gnueabihf": "0.1.72",
        "@napi-rs/canvas-linux-arm64-gnu": "0.1.72",
        "@napi-rs/canvas-linux-arm64-musl": "0.1.72",
        "@napi-rs/canvas-linux-riscv64-gnu": "0.1.72",
        "@napi-rs/canvas-linux-x64-gnu": "0.1.72",
        "@napi-rs/canvas-linux-x64-musl": "0.1.72",
        "@napi-rs/canvas-win32-x64-msvc": "0.1.72"
      }
    },
    "node_modules/@napi-rs/canvas-android-arm64": {
      "version": "0.1.72",
      "resolved": "https://registry.npmjs.org/@napi-rs/canvas-android-arm64/-/canvas-android-arm64-0.1.72.tgz",
      "integrity": "sha512-OW99TDJEdfOhpJWQ7SXFsQi1BXd6UFuWM8AoQvJ0SQMHWY/iwuopmb1UqGV6Df9aM/SWxvCWBN/onjeCM8KVKQ==",
      "cpu": [
        "arm64"
      ],
      "license": "MIT",
      "optional": true,
      "os": [
        "android"
      ],
      "engines": {
        "node": ">= 10"
      }
    },
    "node_modules/@napi-rs/canvas-darwin-arm64": {
      "version": "0.1.72",
      "resolved": "https://registry.npmjs.org/@napi-rs/canvas-darwin-arm64/-/canvas-darwin-arm64-0.1.72.tgz",
      "integrity": "sha512-gB8Pn/4GdS+B6P4HYuNqPGx8iQJ16Go1D6e5hIxfUbA/efupVGZ7e3OMGWGCUgF0vgbEPEF31sPzhcad4mdR5g==",
      "cpu": [
        "arm64"
      ],
      "license": "MIT",
      "optional": true,
      "os": [
        "darwin"
      ],
      "engines": {
        "node": ">= 10"
      }
    },
    "node_modules/@napi-rs/canvas-darwin-x64": {
      "version": "0.1.72",
      "resolved": "https://registry.npmjs.org/@napi-rs/canvas-darwin-x64/-/canvas-darwin-x64-0.1.72.tgz",
      "integrity": "sha512-x1zKtWVSnf+yLETHdSDAFJ1w6bctS/V2NP0wskTTBKkC+c/AmI2Dl+ZMIW11gF6rilBibrIzBeXJKPzV0GMWGA==",
      "cpu": [
        "x64"
      ],
      "license": "MIT",
      "optional": true,
      "os": [
        "darwin"
      ],
      "engines": {
        "node": ">= 10"
      }
    },
    "node_modules/@napi-rs/canvas-linux-arm-gnueabihf": {
      "version": "0.1.72",
      "resolved": "https://registry.npmjs.org/@napi-rs/canvas-linux-arm-gnueabihf/-/canvas-linux-arm-gnueabihf-0.1.72.tgz",
      "integrity": "sha512-Ef6HMF+TBS+lqBNpcUj2D17ODJrbgevXaVPtr2nQFCao5IvoEhVMdmVwWk5YiI+GcgbAkg5AF3LiU47RoSY5yg==",
      "cpu": [
        "arm"
      ],
      "license": "MIT",
      "optional": true,
      "os": [
        "linux"
      ],
      "engines": {
        "node": ">= 10"
      }
    },
    "node_modules/@napi-rs/canvas-linux-arm64-gnu": {
      "version": "0.1.72",
      "resolved": "https://registry.npmjs.org/@napi-rs/canvas-linux-arm64-gnu/-/canvas-linux-arm64-gnu-0.1.72.tgz",
      "integrity": "sha512-i1tWu+Li1Z6G4t+ckT38JwuB/cAAREV6H8VD3dip2yTYU+qnLz6kG4i+whm+SEQb1e4vk3xA1lKnjYx3jlOy8g==",
      "cpu": [
        "arm64"
      ],
      "license": "MIT",
      "optional": true,
      "os": [
        "linux"
      ],
      "engines": {
        "node": ">= 10"
      }
    },
    "node_modules/@napi-rs/canvas-linux-arm64-musl": {
      "version": "0.1.72",
      "resolved": "https://registry.npmjs.org/@napi-rs/canvas-linux-arm64-musl/-/canvas-linux-arm64-musl-0.1.72.tgz",
      "integrity": "sha512-Mu+2hHZAT9SdrjiRtCxMD/Unac8vqVxF/p+Tvjb5sN1NZkLGu+l7WIfrug8aeX150OwrYgAvsR4mhrm0BZvLxg==",
      "cpu": [
        "arm64"
      ],
      "license": "MIT",
      "optional": true,
      "os": [
        "linux"
      ],
      "engines": {
        "node": ">= 10"
      }
    },
    "node_modules/@napi-rs/canvas-linux-riscv64-gnu": {
      "version": "0.1.72",
      "resolved": "https://registry.npmjs.org/@napi-rs/canvas-linux-riscv64-gnu/-/canvas-linux-riscv64-gnu-0.1.72.tgz",
      "integrity": "sha512-xBPG/ImL58I4Ep6VM+sCrpwl8rE/8e7Dt9U7zzggNvYHrWD13vIF3q5L2/N9VxdBMh1pee6dBC/VcaXLYccZNQ==",
      "cpu": [
        "riscv64"
      ],
      "license": "MIT",
      "optional": true,
      "os": [
        "linux"
      ],
      "engines": {
        "node": ">= 10"
      }
    },
    "node_modules/@napi-rs/canvas-linux-x64-gnu": {
      "version": "0.1.72",
      "resolved": "https://registry.npmjs.org/@napi-rs/canvas-linux-x64-gnu/-/canvas-linux-x64-gnu-0.1.72.tgz",
      "integrity": "sha512-jkC8L+QovHpzQrw+Jm1IUqxgLV5QB1hJ1cR8iYzxNRd0TOF7YfxLaIGxvd/ReRi9r48JT6PL7z2IGT7TqK8T4w==",
      "cpu": [
        "x64"
      ],
      "license": "MIT",
      "optional": true,
      "os": [
        "linux"
      ],
      "engines": {
        "node": ">= 10"
      }
    },
    "node_modules/@napi-rs/canvas-linux-x64-musl": {
      "version": "0.1.72",
      "resolved": "https://registry.npmjs.org/@napi-rs/canvas-linux-x64-musl/-/canvas-linux-x64-musl-0.1.72.tgz",
      "integrity": "sha512-PwPdPmHgJYnTMUr8Gff80eRVdpGjwrxueIqw+7v4aeFxbQjmQ+paa2xaGedFtkvdS2Dn5z8a0mVlrlbSfec+1Q==",
      "cpu": [
        "x64"
      ],
      "license": "MIT",
      "optional": true,
      "os": [
        "linux"
      ],
      "engines": {
        "node": ">= 10"
      }
    },
    "node_modules/@napi-rs/canvas-win32-x64-msvc": {
      "version": "0.1.72",
      "resolved": "https://registry.npmjs.org/@napi-rs/canvas-win32-x64-msvc/-/canvas-win32-x64-msvc-0.1.72.tgz",
      "integrity": "sha512-hZhXJZZ/2ZjkAoOtyGUs3Mx6jA4o9ESbc5bk+NKYO6thZRvRNA7rqvT9WF9pZK0xcRK5EyWRymv8fCzqmSVEzg==",
      "cpu": [
        "x64"
      ],
      "license": "MIT",
      "optional": true,
      "os": [
        "win32"
      ],
      "engines": {
        "node": ">= 10"
      }
    }
  }
}
