{
  "name": "@aliyunfc-layers/napi-rs-canvas",
  "lockfileVersion": 3,
  "requires": true,
  "packages": {
    "": {
      "name": "@aliyunfc-layers/napi-rs-canvas",
      "dependencies": {
        "@napi-rs/canvas": "^0.1.57"
      }
    },
    "node_modules/@napi-rs/canvas": {
      "version": "0.1.57",
      "resolved": "https://registry.npmjs.org/@napi-rs/canvas/-/canvas-0.1.57.tgz",
      "integrity": "sha512-uoj9e3QEVHXSvxXv+CqGhwkG1u0uMDSxhLUKeHdQGKA2iLMO57ArVJRXyWMzgGkUqPHHeY3bh2PAElNgP0m6MA==",
      "license": "MIT",
      "engines": {
        "node": ">= 10"
      },
      "optionalDependencies": {
        "@napi-rs/canvas-android-arm64": "0.1.57",
        "@napi-rs/canvas-darwin-arm64": "0.1.57",
        "@napi-rs/canvas-darwin-x64": "0.1.57",
        "@napi-rs/canvas-linux-arm-gnueabihf": "0.1.57",
        "@napi-rs/canvas-linux-arm64-gnu": "0.1.57",
        "@napi-rs/canvas-linux-arm64-musl": "0.1.57",
        "@napi-rs/canvas-linux-x64-gnu": "0.1.57",
        "@napi-rs/canvas-linux-x64-musl": "0.1.57",
        "@napi-rs/canvas-win32-x64-msvc": "0.1.57"
      }
    },
    "node_modules/@napi-rs/canvas-android-arm64": {
      "version": "0.1.57",
      "resolved": "https://registry.npmjs.org/@napi-rs/canvas-android-arm64/-/canvas-android-arm64-0.1.57.tgz",
      "integrity": "sha512-LSJWKBXzHyadmJAkfguwmnLBmblOX6Un9+Kq9tPy1SNYNzRwn+MhoSqAhr/WlnbW1R2zcgmkEd22PKNp4PuhpA==",
      "cpu": [
        "arm64"
      ],
      "license": "MIT",
      "optional": true,
      "os": [
        "android"
      ],
      "engines": {
        "node": ">= 10"
      }
    },
    "node_modules/@napi-rs/canvas-darwin-arm64": {
      "version": "0.1.57",
      "resolved": "https://registry.npmjs.org/@napi-rs/canvas-darwin-arm64/-/canvas-darwin-arm64-0.1.57.tgz",
      "integrity": "sha512-nwH2wF9hLbFPTDXEy8Ygp6eoJYRpT+HlOU+2eqZd9A94e4SY0FWOvDj4qCaytNd0xhNw0qXMqil4aVCaU4btuQ==",
      "cpu": [
        "arm64"
      ],
      "license": "MIT",
      "optional": true,
      "os": [
        "darwin"
      ],
      "engines": {
        "node": ">= 10"
      }
    },
    "node_modules/@napi-rs/canvas-darwin-x64": {
      "version": "0.1.57",
      "resolved": "https://registry.npmjs.org/@napi-rs/canvas-darwin-x64/-/canvas-darwin-x64-0.1.57.tgz",
      "integrity": "sha512-k6ty0txtStui7XNdaKDPOlW4FK97gdqBgF8xnDfPqrwmY0J6h8lKYaf0tc4Cswh93oh3X/D5lySpiEET0+4k7A==",
      "cpu": [
        "x64"
      ],
      "license": "MIT",
      "optional": true,
      "os": [
        "darwin"
      ],
      "engines": {
        "node": ">= 10"
      }
    },
    "node_modules/@napi-rs/canvas-linux-arm-gnueabihf": {
      "version": "0.1.57",
      "resolved": "https://registry.npmjs.org/@napi-rs/canvas-linux-arm-gnueabihf/-/canvas-linux-arm-gnueabihf-0.1.57.tgz",
      "integrity": "sha512-xg0PZgIPdDybnpvxs4JGdGoua06kufOaolanWkCwo/z+tUyzyqdQbrdUJICRFVOeWoZ994n7I7dJpfrysWN73g==",
      "cpu": [
        "arm"
      ],
      "license": "MIT",
      "optional": true,
      "os": [
        "linux"
      ],
      "engines": {
        "node": ">= 10"
      }
    },
    "node_modules/@napi-rs/canvas-linux-arm64-gnu": {
      "version": "0.1.57",
      "resolved": "https://registry.npmjs.org/@napi-rs/canvas-linux-arm64-gnu/-/canvas-linux-arm64-gnu-0.1.57.tgz",
      "integrity": "sha512-9gYcxLHEZEcUDfbDujsxe55pnHDhk0/69xol5e74yuulp82EL3NlQV8gQCZJUQHvgBwGBA2f5BEN1594FfUgxQ==",
      "cpu": [
        "arm64"
      ],
      "license": "MIT",
      "optional": true,
      "os": [
        "linux"
      ],
      "engines": {
        "node": ">= 10"
      }
    },
    "node_modules/@napi-rs/canvas-linux-arm64-musl": {
      "version": "0.1.57",
      "resolved": "https://registry.npmjs.org/@napi-rs/canvas-linux-arm64-musl/-/canvas-linux-arm64-musl-0.1.57.tgz",
      "integrity": "sha512-VMbQdxXURkUJyySUYsr99Rod521zzpElh+eDE9EMaJInMZYPdPpntC+EKwQjAsa89S4tIo0Q3kdcstV3P8muZQ==",
      "cpu": [
        "arm64"
      ],
      "license": "MIT",
      "optional": true,
      "os": [
        "linux"
      ],
      "engines": {
        "node": ">= 10"
      }
    },
    "node_modules/@napi-rs/canvas-linux-x64-gnu": {
      "version": "0.1.57",
      "resolved": "https://registry.npmjs.org/@napi-rs/canvas-linux-x64-gnu/-/canvas-linux-x64-gnu-0.1.57.tgz",
      "integrity": "sha512-2ejMXslrSQerFcrkGD2BG2J2gOEJj1rn9kw5dSW8Ap3gguucKhOc6BfDauunO/SqGNOpF/62Qtn7BHhRXrzhqg==",
      "cpu": [
        "x64"
      ],
      "license": "MIT",
      "optional": true,
      "os": [
        "linux"
      ],
      "engines": {
        "node": ">= 10"
      }
    },
    "node_modules/@napi-rs/canvas-linux-x64-musl": {
      "version": "0.1.57",
      "resolved": "https://registry.npmjs.org/@napi-rs/canvas-linux-x64-musl/-/canvas-linux-x64-musl-0.1.57.tgz",
      "integrity": "sha512-BMAIW8IOALP7EOTIMjtgFHu3Fr+Sv737k4lzH4kTD8BVjDMet3Lrxv6hnj/ona+y2oXeK/jpk0CQ4nOxfkkd3Q==",
      "cpu": [
        "x64"
      ],
      "license": "MIT",
      "optional": true,
      "os": [
        "linux"
      ],
      "engines": {
        "node": ">= 10"
      }
    },
    "node_modules/@napi-rs/canvas-win32-x64-msvc": {
      "version": "0.1.57",
      "resolved": "https://registry.npmjs.org/@napi-rs/canvas-win32-x64-msvc/-/canvas-win32-x64-msvc-0.1.57.tgz",
      "integrity": "sha512-z9/BkOQ8IZNBWzDFADsQmPqGlx3qNI2cucya3v+ALDQjt9wfsZm86GS+7iO9H3JAC0zGBRqBqglsSnZnblz6Hw==",
      "cpu": [
        "x64"
      ],
      "license": "MIT",
      "optional": true,
      "os": [
        "win32"
      ],
      "engines": {
        "node": ">= 10"
      }
    }
  }
}
